
Microsoft Visual Studio Solution File, Format Version 12.00
# Visual Studio Version 17
VisualStudioVersion = 17.5.33424.131
MinimumVisualStudioVersion = 10.0.40219.1
Project("{FAE04EC0-301F-11D3-BF4B-00C04F79EFBC}") = "APISEM13", "APISEM13\APISEM13.csproj", "{126440E8-009E-47AD-9C0A-2D34405C25CD}"
EndProject
Global
	GlobalSection(SolutionConfigurationPlatforms) = preSolution
		Debug|Any CPU = Debug|Any CPU
		Release|Any CPU = Release|Any CPU
	EndGlobalSection
	GlobalSection(ProjectConfigurationPlatforms) = postSolution
		{126440E8-009E-47AD-9C0A-2D34405C25CD}.Debug|Any CPU.ActiveCfg = Debug|Any CPU
		{126440E8-009E-47AD-9C0A-2D34405C25CD}.Debug|Any CPU.Build.0 = Debug|Any CPU
		{126440E8-009E-47AD-9C0A-2D34405C25CD}.Release|Any CPU.ActiveCfg = Release|Any CPU
		{126440E8-009E-47AD-9C0A-2D34405C25CD}.Release|Any CPU.Build.0 = Release|Any CPU
	EndGlobalSection
	GlobalSection(SolutionProperties) = preSolution
		HideSolutionNode = FALSE
	EndGlobalSection
	GlobalSection(ExtensibilityGlobals) = postSolution
		SolutionGuid = {FEFDEA39-906C-4728-8DDF-4616A4EE7178}
	EndGlobalSection
EndGlobal
